
Microsoft Visual Studio Solution File, Format Version 12.00
# Visual Studio Version 16
VisualStudioVersion = 25.0.1705.2
MinimumVisualStudioVersion = 10.0.40219.1
Project("{FAE04EC0-301F-11D3-BF4B-00C04F79EFBC}") = "ProjectoSamuraiSquad", "ProjectoSamuraiSquad/ProjectoSamuraiSquad.csproj", "{F36AEEEE-9EFB-4B94-967D-25E0C13C24D8}"
EndProject
Global
	GlobalSection(SolutionConfigurationPlatforms) = preSolution
		Debug|Any CPU = Debug|Any CPU
		Release|Any CPU = Release|Any CPU
	EndGlobalSection
	GlobalSection(ProjectConfigurationPlatforms) = postSolution
		{F36AEEEE-9EFB-4B94-967D-25E0C13C24D8}.Debug|Any CPU.ActiveCfg = Debug|Any CPU
		{F36AEEEE-9EFB-4B94-967D-25E0C13C24D8}.Debug|Any CPU.Build.0 = Debug|Any CPU
		{F36AEEEE-9EFB-4B94-967D-25E0C13C24D8}.Release|Any CPU.ActiveCfg = Release|Any CPU
		{F36AEEEE-9EFB-4B94-967D-25E0C13C24D8}.Release|Any CPU.Build.0 = Release|Any CPU
	EndGlobalSection
	GlobalSection(SolutionProperties) = preSolution
		HideSolutionNode = FALSE
	EndGlobalSection
	GlobalSection(ExtensibilityGlobals) = postSolution
		SolutionGuid = {F75A3CC5-BD4B-4C93-8F78-26E85249C813}
	EndGlobalSection
EndGlobal
